
Microsoft Visual Studio Solution File, Format Version 12.00
# Visual Studio Version 17
VisualStudioVersion = 17.5.33627.172
MinimumVisualStudioVersion = 10.0.40219.1
Project("{FAE04EC0-301F-11D3-BF4B-00C04F79EFBC}") = "HitMouse", "HitMouse.csproj", "{E83F5599-C03D-40B9-A02B-D3631CA5FB3B}"
EndProject
Global
	GlobalSection(SolutionConfigurationPlatforms) = preSolution
		Debug|Any CPU = Debug|Any CPU
		Release|Any CPU = Release|Any CPU
	EndGlobalSection
	GlobalSection(ProjectConfigurationPlatforms) = postSolution
		{E83F5599-C03D-40B9-A02B-D3631CA5FB3B}.Debug|Any CPU.ActiveCfg = Debug|Any CPU
		{E83F5599-C03D-40B9-A02B-D3631CA5FB3B}.Debug|Any CPU.Build.0 = Debug|Any CPU
		{E83F5599-C03D-40B9-A02B-D3631CA5FB3B}.Release|Any CPU.ActiveCfg = Release|Any CPU
		{E83F5599-C03D-40B9-A02B-D3631CA5FB3B}.Release|Any CPU.Build.0 = Release|Any CPU
	EndGlobalSection
	GlobalSection(SolutionProperties) = preSolution
		HideSolutionNode = FALSE
	EndGlobalSection
	GlobalSection(ExtensibilityGlobals) = postSolution
		SolutionGuid = {5932A08C-1B14-4115-8526-8532BEB3AA05}
	EndGlobalSection
EndGlobal
